
Microsoft Visual Studio Solution File, Format Version 12.00
# Visual Studio Version 16
VisualStudioVersion = 25.0.1705.4
MinimumVisualStudioVersion = 10.0.40219.1
Project("{FAE04EC0-301F-11D3-BF4B-00C04F79EFBC}") = "15", "15.csproj", "{AE65F97F-A398-42EB-8237-B81E7165C9DC}"
EndProject
Global
	GlobalSection(SolutionConfigurationPlatforms) = preSolution
		Debug|Any CPU = Debug|Any CPU
		Release|Any CPU = Release|Any CPU
	EndGlobalSection
	GlobalSection(ProjectConfigurationPlatforms) = postSolution
		{AE65F97F-A398-42EB-8237-B81E7165C9DC}.Debug|Any CPU.ActiveCfg = Debug|Any CPU
		{AE65F97F-A398-42EB-8237-B81E7165C9DC}.Debug|Any CPU.Build.0 = Debug|Any CPU
		{AE65F97F-A398-42EB-8237-B81E7165C9DC}.Release|Any CPU.ActiveCfg = Release|Any CPU
		{AE65F97F-A398-42EB-8237-B81E7165C9DC}.Release|Any CPU.Build.0 = Release|Any CPU
	EndGlobalSection
	GlobalSection(SolutionProperties) = preSolution
		HideSolutionNode = FALSE
	EndGlobalSection
	GlobalSection(ExtensibilityGlobals) = postSolution
		SolutionGuid = {C7051BCA-5C62-4DA6-A054-AE073342B8BD}
	EndGlobalSection
EndGlobal
