
Microsoft Visual Studio Solution File, Format Version 12.00
# Visual Studio Version 17
VisualStudioVersion = 17.6.33723.286
MinimumVisualStudioVersion = 10.0.40219.1
Project("{FAE04EC0-301F-11D3-BF4B-00C04F79EFBC}") = "28", "28\28.csproj", "{C6331A1C-F2B1-46A4-ABD2-4A5FEED865D2}"
EndProject
Project("{FAE04EC0-301F-11D3-BF4B-00C04F79EFBC}") = "28_1", "28_1\28_1.csproj", "{8C06A91D-9C90-42E3-A6B2-D737B3B593B4}"
EndProject
Global
	GlobalSection(SolutionConfigurationPlatforms) = preSolution
		Debug|Any CPU = Debug|Any CPU
		Release|Any CPU = Release|Any CPU
	EndGlobalSection
	GlobalSection(ProjectConfigurationPlatforms) = postSolution
		{C6331A1C-F2B1-46A4-ABD2-4A5FEED865D2}.Debug|Any CPU.ActiveCfg = Debug|Any CPU
		{C6331A1C-F2B1-46A4-ABD2-4A5FEED865D2}.Debug|Any CPU.Build.0 = Debug|Any CPU
		{C6331A1C-F2B1-46A4-ABD2-4A5FEED865D2}.Release|Any CPU.ActiveCfg = Release|Any CPU
		{C6331A1C-F2B1-46A4-ABD2-4A5FEED865D2}.Release|Any CPU.Build.0 = Release|Any CPU
		{8C06A91D-9C90-42E3-A6B2-D737B3B593B4}.Debug|Any CPU.ActiveCfg = Debug|Any CPU
		{8C06A91D-9C90-42E3-A6B2-D737B3B593B4}.Debug|Any CPU.Build.0 = Debug|Any CPU
		{8C06A91D-9C90-42E3-A6B2-D737B3B593B4}.Release|Any CPU.ActiveCfg = Release|Any CPU
		{8C06A91D-9C90-42E3-A6B2-D737B3B593B4}.Release|Any CPU.Build.0 = Release|Any CPU
	EndGlobalSection
	GlobalSection(SolutionProperties) = preSolution
		HideSolutionNode = FALSE
	EndGlobalSection
	GlobalSection(ExtensibilityGlobals) = postSolution
		SolutionGuid = {458DE3FB-D06A-4162-BD50-C28E3B5AFF88}
	EndGlobalSection
EndGlobal
