
Microsoft Visual Studio Solution File, Format Version 12.00
# Visual Studio Version 17
VisualStudioVersion = 17.6.33723.286
MinimumVisualStudioVersion = 10.0.40219.1
Project("{FAE04EC0-301F-11D3-BF4B-00C04F79EFBC}") = "25", "25.csproj", "{DDA1BAA0-7AEF-4B8C-B606-C128C2B921A8}"
EndProject
Global
	GlobalSection(SolutionConfigurationPlatforms) = preSolution
		Debug|Any CPU = Debug|Any CPU
		Release|Any CPU = Release|Any CPU
	EndGlobalSection
	GlobalSection(ProjectConfigurationPlatforms) = postSolution
		{DDA1BAA0-7AEF-4B8C-B606-C128C2B921A8}.Debug|Any CPU.ActiveCfg = Debug|Any CPU
		{DDA1BAA0-7AEF-4B8C-B606-C128C2B921A8}.Debug|Any CPU.Build.0 = Debug|Any CPU
		{DDA1BAA0-7AEF-4B8C-B606-C128C2B921A8}.Release|Any CPU.ActiveCfg = Release|Any CPU
		{DDA1BAA0-7AEF-4B8C-B606-C128C2B921A8}.Release|Any CPU.Build.0 = Release|Any CPU
	EndGlobalSection
	GlobalSection(SolutionProperties) = preSolution
		HideSolutionNode = FALSE
	EndGlobalSection
	GlobalSection(ExtensibilityGlobals) = postSolution
		SolutionGuid = {D707D59E-06A7-4433-A6A3-FC291BB1D0E1}
	EndGlobalSection
EndGlobal
