
Microsoft Visual Studio Solution File, Format Version 12.00
# Visual Studio Version 16
VisualStudioVersion = 25.0.1705.5
MinimumVisualStudioVersion = 10.0.40219.1
Project("{FAE04EC0-301F-11D3-BF4B-00C04F79EFBC}") = "18", "18.csproj", "{941094F7-5B04-4472-A30C-5478B1839E98}"
EndProject
Global
	GlobalSection(SolutionConfigurationPlatforms) = preSolution
		Debug|Any CPU = Debug|Any CPU
		Release|Any CPU = Release|Any CPU
	EndGlobalSection
	GlobalSection(ProjectConfigurationPlatforms) = postSolution
		{941094F7-5B04-4472-A30C-5478B1839E98}.Debug|Any CPU.ActiveCfg = Debug|Any CPU
		{941094F7-5B04-4472-A30C-5478B1839E98}.Debug|Any CPU.Build.0 = Debug|Any CPU
		{941094F7-5B04-4472-A30C-5478B1839E98}.Release|Any CPU.ActiveCfg = Release|Any CPU
		{941094F7-5B04-4472-A30C-5478B1839E98}.Release|Any CPU.Build.0 = Release|Any CPU
	EndGlobalSection
	GlobalSection(SolutionProperties) = preSolution
		HideSolutionNode = FALSE
	EndGlobalSection
	GlobalSection(ExtensibilityGlobals) = postSolution
		SolutionGuid = {A2270EAC-F422-479C-8E7B-70A6F25DCD98}
	EndGlobalSection
EndGlobal
