
Microsoft Visual Studio Solution File, Format Version 12.00
# Visual Studio Version 17
VisualStudioVersion = 17.3.32922.545
MinimumVisualStudioVersion = 10.0.40219.1
Project("{FAE04EC0-301F-11D3-BF4B-00C04F79EFBC}") = "8", "8\8.csproj", "{2DE36C34-6174-4D7A-ABE8-2A57CFCA48D0}"
EndProject
Global
	GlobalSection(SolutionConfigurationPlatforms) = preSolution
		Debug|Any CPU = Debug|Any CPU
		Release|Any CPU = Release|Any CPU
	EndGlobalSection
	GlobalSection(ProjectConfigurationPlatforms) = postSolution
		{2DE36C34-6174-4D7A-ABE8-2A57CFCA48D0}.Debug|Any CPU.ActiveCfg = Debug|Any CPU
		{2DE36C34-6174-4D7A-ABE8-2A57CFCA48D0}.Debug|Any CPU.Build.0 = Debug|Any CPU
		{2DE36C34-6174-4D7A-ABE8-2A57CFCA48D0}.Release|Any CPU.ActiveCfg = Release|Any CPU
		{2DE36C34-6174-4D7A-ABE8-2A57CFCA48D0}.Release|Any CPU.Build.0 = Release|Any CPU
	EndGlobalSection
	GlobalSection(SolutionProperties) = preSolution
		HideSolutionNode = FALSE
	EndGlobalSection
	GlobalSection(ExtensibilityGlobals) = postSolution
		SolutionGuid = {B08729E8-CD8D-45CC-99B3-9EC24FE092DA}
	EndGlobalSection
EndGlobal
