
Microsoft Visual Studio Solution File, Format Version 12.00
# Visual Studio Version 17
VisualStudioVersion = 17.6.33723.286
MinimumVisualStudioVersion = 10.0.40219.1
Project("{FAE04EC0-301F-11D3-BF4B-00C04F79EFBC}") = "ConsoleApp1", "ConsoleApp1.csproj", "{C812E456-355E-440A-9602-03897650CCB8}"
EndProject
Global
	GlobalSection(SolutionConfigurationPlatforms) = preSolution
		Debug|Any CPU = Debug|Any CPU
		Release|Any CPU = Release|Any CPU
	EndGlobalSection
	GlobalSection(ProjectConfigurationPlatforms) = postSolution
		{C812E456-355E-440A-9602-03897650CCB8}.Debug|Any CPU.ActiveCfg = Debug|Any CPU
		{C812E456-355E-440A-9602-03897650CCB8}.Debug|Any CPU.Build.0 = Debug|Any CPU
		{C812E456-355E-440A-9602-03897650CCB8}.Release|Any CPU.ActiveCfg = Release|Any CPU
		{C812E456-355E-440A-9602-03897650CCB8}.Release|Any CPU.Build.0 = Release|Any CPU
	EndGlobalSection
	GlobalSection(SolutionProperties) = preSolution
		HideSolutionNode = FALSE
	EndGlobalSection
	GlobalSection(ExtensibilityGlobals) = postSolution
		SolutionGuid = {48EFA328-AEF0-4FF4-BE64-8204BE24B9FE}
	EndGlobalSection
EndGlobal
